// !$*UTF8*$!
{
	archiveVersion = 1;
	classes = {
	};
	objectVersion = 46;
	objects = {

/* Begin PBXBuildFile section */
		0222E84C1E97CAE400E25023 /* AppDelegate.swift in Sources */ = {isa = PBXBuildFile; fileRef = 0222E84B1E97CAE400E25023 /* AppDelegate.swift */; };
		0222E84E1E97CAE400E25023 /* ViewController.swift in Sources */ = {isa = PBXBuildFile; fileRef = 0222E84D1E97CAE400E25023 /* ViewController.swift */; };
		0222E8511E97CAE400E25023 /* Main.storyboard in Resources */ = {isa = PBXBuildFile; fileRef = 0222E84F1E97CAE400E25023 /* Main.storyboard */; };
		0222E8531E97CAE400E25023 /* Assets.xcassets in Resources */ = {isa = PBXBuildFile; fileRef = 0222E8521E97CAE400E25023 /* Assets.xcassets */; };
		0222E8561E97CAE400E25023 /* LaunchScreen.storyboard in Resources */ = {isa = PBXBuildFile; fileRef = 0222E8541E97CAE400E25023 /* LaunchScreen.storyboard */; };
		0222E8611E97CAE500E25023 /* Mail_DirectTests.swift in Sources */ = {isa = PBXBuildFile; fileRef = 0222E8601E97CAE400E25023 /* Mail_DirectTests.swift */; };
		0222E86C1E97CAE500E25023 /* Mail_DirectUITests.swift in Sources */ = {isa = PBXBuildFile; fileRef = 0222E86B1E97CAE500E25023 /* Mail_DirectUITests.swift */; };
		02984E491EAF127C00D4956A /* MainView.swift in Sources */ = {isa = PBXBuildFile; fileRef = 02984E481EAF127C00D4956A /* MainView.swift */; };
		02984E4B1EAF2CB000D4956A /* file.txt in Resources */ = {isa = PBXBuildFile; fileRef = 02984E4A1EAF2CB000D4956A /* file.txt */; };
/* End PBXBuildFile section */

/* Begin PBXContainerItemProxy section */
		0222E85D1E97CAE400E25023 /* PBXContainerItemProxy */ = {
			isa = PBXContainerItemProxy;
			containerPortal = 0222E8401E97CAE400E25023 /* Project object */;
			proxyType = 1;
			remoteGlobalIDString = 0222E8471E97CAE400E25023;
			remoteInfo = "Mail-Direct";
		};
		0222E8681E97CAE500E25023 /* PBXContainerItemProxy */ = {
			isa = PBXContainerItemProxy;
			containerPortal = 0222E8401E97CAE400E25023 /* Project object */;
			proxyType = 1;
			remoteGlobalIDString = 0222E8471E97CAE400E25023;
			remoteInfo = "Mail-Direct";
		};
/* End PBXContainerItemProxy section */

/* Begin PBXFileReference section */
		0222E8481E97CAE400E25023 /* Mail-Direct.app */ = {isa = PBXFileReference; explicitFileType = wrapper.application; includeInIndex = 0; path = "Mail-Direct.app"; sourceTree = BUILT_PRODUCTS_DIR; };
		0222E84B1E97CAE400E25023 /* AppDelegate.swift */ = {isa = PBXFileReference; lastKnownFileType = sourcecode.swift; path = AppDelegate.swift; sourceTree = "<group>"; };
		0222E84D1E97CAE400E25023 /* ViewController.swift */ = {isa = PBXFileReference; lastKnownFileType = sourcecode.swift; path = ViewController.swift; sourceTree = "<group>"; };
		0222E8501E97CAE400E25023 /* Base */ = {isa = PBXFileReference; lastKnownFileType = file.storyboard; name = Base; path = Base.lproj/Main.storyboard; sourceTree = "<group>"; };
		0222E8521E97CAE400E25023 /* Assets.xcassets */ = {isa = PBXFileReference; lastKnownFileType = folder.assetcatalog; path = Assets.xcassets; sourceTree = "<group>"; };
		0222E8551E97CAE400E25023 /* Base */ = {isa = PBXFileReference; lastKnownFileType = file.storyboard; name = Base; path = Base.lproj/LaunchScreen.storyboard; sourceTree = "<group>"; };
		0222E8571E97CAE400E25023 /* Info.plist */ = {isa = PBXFileReference; lastKnownFileType = text.plist.xml; path = Info.plist; sourceTree = "<group>"; };
		0222E85C1E97CAE400E25023 /* Mail-DirectTests.xctest */ = {isa = PBXFileReference; explicitFileType = wrapper.cfbundle; includeInIndex = 0; path = "Mail-DirectTests.xctest"; sourceTree = BUILT_PRODUCTS_DIR; };
		0222E8601E97CAE400E25023 /* Mail_DirectTests.swift */ = {isa = PBXFileReference; lastKnownFileType = sourcecode.swift; path = Mail_DirectTests.swift; sourceTree = "<group>"; };
		0222E8621E97CAE500E25023 /* Info.plist */ = {isa = PBXFileReference; lastKnownFileType = text.plist.xml; path = Info.plist; sourceTree = "<group>"; };
		0222E8671E97CAE500E25023 /* Mail-DirectUITests.xctest */ = {isa = PBXFileReference; explicitFileType = wrapper.cfbundle; includeInIndex = 0; path = "Mail-DirectUITests.xctest"; sourceTree = BUILT_PRODUCTS_DIR; };
		0222E86B1E97CAE500E25023 /* Mail_DirectUITests.swift */ = {isa = PBXFileReference; lastKnownFileType = sourcecode.swift; path = Mail_DirectUITests.swift; sourceTree = "<group>"; };
		0222E86D1E97CAE500E25023 /* Info.plist */ = {isa = PBXFileReference; lastKnownFileType = text.plist.xml; path = Info.plist; sourceTree = "<group>"; };
		02984E481EAF127C00D4956A /* MainView.swift */ = {isa = PBXFileReference; fileEncoding = 4; lastKnownFileType = sourcecode.swift; path = MainView.swift; sourceTree = "<group>"; };
		02984E4A1EAF2CB000D4956A /* file.txt */ = {isa = PBXFileReference; fileEncoding = 4; lastKnownFileType = text; path = file.txt; sourceTree = "<group>"; };
/* End PBXFileReference section */

/* Begin PBXFrameworksBuildPhase section */
		0222E8451E97CAE400E25023 /* Frameworks */ = {
			isa = PBXFrameworksBuildPhase;
			buildActionMask = 2147483647;
			files = (
			);
			runOnlyForDeploymentPostprocessing = 0;
		};
		0222E8591E97CAE400E25023 /* Frameworks */ = {
			isa = PBXFrameworksBuildPhase;
			buildActionMask = 2147483647;
			files = (
			);
			runOnlyForDeploymentPostprocessing = 0;
		};
		0222E8641E97CAE500E25023 /* Frameworks */ = {
			isa = PBXFrameworksBuildPhase;
			buildActionMask = 2147483647;
			files = (
			);
			runOnlyForDeploymentPostprocessing = 0;
		};
/* End PBXFrameworksBuildPhase section */

/* Begin PBXGroup section */
		0222E83F1E97CAE400E25023 = {
			isa = PBXGroup;
			children = (
				0222E84A1E97CAE400E25023 /* Mail-Direct */,
				0222E85F1E97CAE400E25023 /* Mail-DirectTests */,
				0222E86A1E97CAE500E25023 /* Mail-DirectUITests */,
				0222E8491E97CAE400E25023 /* Products */,
			);
			sourceTree = "<group>";
		};
		0222E8491E97CAE400E25023 /* Products */ = {
			isa = PBXGroup;
			children = (
				0222E8481E97CAE400E25023 /* Mail-Direct.app */,
				0222E85C1E97CAE400E25023 /* Mail-DirectTests.xctest */,
				0222E8671E97CAE500E25023 /* Mail-DirectUITests.xctest */,
			);
			name = Products;
			sourceTree = "<group>";
		};
		0222E84A1E97CAE400E25023 /* Mail-Direct */ = {
			isa = PBXGroup;
			children = (
				0222E84B1E97CAE400E25023 /* AppDelegate.swift */,
				02984E481EAF127C00D4956A /* MainView.swift */,
				0222E84D1E97CAE400E25023 /* ViewController.swift */,
				0222E84F1E97CAE400E25023 /* Main.storyboard */,
				0222E8521E97CAE400E25023 /* Assets.xcassets */,
				0222E8541E97CAE400E25023 /* LaunchScreen.storyboard */,
				0222E8571E97CAE400E25023 /* Info.plist */,
				02984E4A1EAF2CB000D4956A /* file.txt */,
			);
			path = "Mail-Direct";
			sourceTree = "<group>";
		};
		0222E85F1E97CAE400E25023 /* Mail-DirectTests */ = {
			isa = PBXGroup;
			children = (
				0222E8601E97CAE400E25023 /* Mail_DirectTests.swift */,
				0222E8621E97CAE500E25023 /* Info.plist */,
			);
			path = "Mail-DirectTests";
			sourceTree = "<group>";
		};
		0222E86A1E97CAE500E25023 /* Mail-DirectUITests */ = {
			isa = PBXGroup;
			children = (
				0222E86B1E97CAE500E25023 /* Mail_DirectUITests.swift */,
				0222E86D1E97CAE500E25023 /* Info.plist */,
			);
			path = "Mail-DirectUITests";
			sourceTree = "<group>";
		};
/* End PBXGroup section */

/* Begin PBXNativeTarget section */
		0222E8471E97CAE400E25023 /* Mail-Direct */ = {
			isa = PBXNativeTarget;
			buildConfigurationList = 0222E8701E97CAE500E25023 /* Build configuration list for PBXNativeTarget "Mail-Direct" */;
			buildPhases = (
				0222E8441E97CAE400E25023 /* Sources */,
				0222E8451E97CAE400E25023 /* Frameworks */,
				0222E8461E97CAE400E25023 /* Resources */,
			);
			buildRules = (
			);
			dependencies = (
			);
			name = "Mail-Direct";
			productName = "Mail-Direct";
			productReference = 0222E8481E97CAE400E25023 /* Mail-Direct.app */;
			productType = "com.apple.product-type.application";
		};
		0222E85B1E97CAE400E25023 /* Mail-DirectTests */ = {
			isa = PBXNativeTarget;
			buildConfigurationList = 0222E8731E97CAE500E25023 /* Build configuration list for PBXNativeTarget "Mail-DirectTests" */;
			buildPhases = (
				0222E8581E97CAE400E25023 /* Sources */,
				0222E8591E97CAE400E25023 /* Frameworks */,
				0222E85A1E97CAE400E25023 /* Resources */,
			);
			buildRules = (
			);
			dependencies = (
				0222E85E1E97CAE400E25023 /* PBXTargetDependency */,
			);
			name = "Mail-DirectTests";
			productName = "Mail-DirectTests";
			productReference = 0222E85C1E97CAE400E25023 /* Mail-DirectTests.xctest */;
			productType = "com.apple.product-type.bundle.unit-test";
		};
		0222E8661E97CAE500E25023 /* Mail-DirectUITests */ = {
			isa = PBXNativeTarget;
			buildConfigurationList = 0222E8761E97CAE500E25023 /* Build configuration list for PBXNativeTarget "Mail-DirectUITests" */;
			buildPhases = (
				0222E8631E97CAE500E25023 /* Sources */,
				0222E8641E97CAE500E25023 /* Frameworks */,
				0222E8651E97CAE500E25023 /* Resources */,
			);
			buildRules = (
			);
			dependencies = (
				0222E8691E97CAE500E25023 /* PBXTargetDependency */,
			);
			name = "Mail-DirectUITests";
			productName = "Mail-DirectUITests";
			productReference = 0222E8671E97CAE500E25023 /* Mail-DirectUITests.xctest */;
			productType = "com.apple.product-type.bundle.ui-testing";
		};
/* End PBXNativeTarget section */

/* Begin PBXProject section */
		0222E8401E97CAE400E25023 /* Project object */ = {
			isa = PBXProject;
			attributes = {
				LastSwiftUpdateCheck = 0830;
				LastUpgradeCheck = 0830;
				ORGANIZATIONNAME = AmethystWorks;
				TargetAttributes = {
					0222E8471E97CAE400E25023 = {
						CreatedOnToolsVersion = 8.3;
						ProvisioningStyle = Automatic;
					};
					0222E85B1E97CAE400E25023 = {
						CreatedOnToolsVersion = 8.3;
						ProvisioningStyle = Automatic;
						TestTargetID = 0222E8471E97CAE400E25023;
					};
					0222E8661E97CAE500E25023 = {
						CreatedOnToolsVersion = 8.3;
						ProvisioningStyle = Automatic;
						TestTargetID = 0222E8471E97CAE400E25023;
					};
				};
			};
			buildConfigurationList = 0222E8431E97CAE400E25023 /* Build configuration list for PBXProject "Mail-Direct" */;
			compatibilityVersion = "Xcode 3.2";
			developmentRegion = English;
			hasScannedForEncodings = 0;
			knownRegions = (
				en,
				Base,
			);
			mainGroup = 0222E83F1E97CAE400E25023;
			productRefGroup = 0222E8491E97CAE400E25023 /* Products */;
			projectDirPath = "";
			projectRoot = "";
			targets = (
				0222E8471E97CAE400E25023 /* Mail-Direct */,
				0222E85B1E97CAE400E25023 /* Mail-DirectTests */,
				0222E8661E97CAE500E25023 /* Mail-DirectUITests */,
			);
		};
/* End PBXProject section */

/* Begin PBXResourcesBuildPhase section */
		0222E8461E97CAE400E25023 /* Resources */ = {
			isa = PBXResourcesBuildPhase;
			buildActionMask = 2147483647;
			files = (
				0222E8561E97CAE400E25023 /* LaunchScreen.storyboard in Resources */,
				0222E8531E97CAE400E25023 /* Assets.xcassets in Resources */,
				02984E4B1EAF2CB000D4956A /* file.txt in Resources */,
				0222E8511E97CAE400E25023 /* Main.storyboard in Resources */,
			);
			runOnlyForDeploymentPostprocessing = 0;
		};
		0222E85A1E97CAE400E25023 /* Resources */ = {
			isa = PBXResourcesBuildPhase;
			buildActionMask = 2147483647;
			files = (
			);
			runOnlyForDeploymentPostprocessing = 0;
		};
		0222E8651E97CAE500E25023 /* Resources */ = {
			isa = PBXResourcesBuildPhase;
			buildActionMask = 2147483647;
			files = (
			);
			runOnlyForDeploymentPostprocessing = 0;
		};
/* End PBXResourcesBuildPhase section */

/* Begin PBXSourcesBuildPhase section */
		0222E8441E97CAE400E25023 /* Sources */ = {
			isa = PBXSourcesBuildPhase;
			buildActionMask = 2147483647;
			files = (
				0222E84E1E97CAE400E25023 /* ViewController.swift in Sources */,
				02984E491EAF127C00D4956A /* MainView.swift in Sources */,
				0222E84C1E97CAE400E25023 /* AppDelegate.swift in Sources */,
			);
			runOnlyForDeploymentPostprocessing = 0;
		};
		0222E8581E97CAE400E25023 /* Sources */ = {
			isa = PBXSourcesBuildPhase;
			buildActionMask = 2147483647;
			files = (
				0222E8611E97CAE500E25023 /* Mail_DirectTests.swift in Sources */,
			);
			runOnlyForDeploymentPostprocessing = 0;
		};
		0222E8631E97CAE500E25023 /* Sources */ = {
			isa = PBXSourcesBuildPhase;
			buildActionMask = 2147483647;
			files = (
				0222E86C1E97CAE500E25023 /* Mail_DirectUITests.swift in Sources */,
			);
			runOnlyForDeploymentPostprocessing = 0;
		};
/* End PBXSourcesBuildPhase section */

/* Begin PBXTargetDependency section */
		0222E85E1E97CAE400E25023 /* PBXTargetDependency */ = {
			isa = PBXTargetDependency;
			target = 0222E8471E97CAE400E25023 /* Mail-Direct */;
			targetProxy = 0222E85D1E97CAE400E25023 /* PBXContainerItemProxy */;
		};
		0222E8691E97CAE500E25023 /* PBXTargetDependency */ = {
			isa = PBXTargetDependency;
			target = 0222E8471E97CAE400E25023 /* Mail-Direct */;
			targetProxy = 0222E8681E97CAE500E25023 /* PBXContainerItemProxy */;
		};
/* End PBXTargetDependency section */

/* Begin PBXVariantGroup section */
		0222E84F1E97CAE400E25023 /* Main.storyboard */ = {
			isa = PBXVariantGroup;
			children = (
				0222E8501E97CAE400E25023 /* Base */,
			);
			name = Main.storyboard;
			sourceTree = "<group>";
		};
		0222E8541E97CAE400E25023 /* LaunchScreen.storyboard */ = {
			isa = PBXVariantGroup;
			children = (
				0222E8551E97CAE400E25023 /* Base */,
			);
			name = LaunchScreen.storyboard;
			sourceTree = "<group>";
		};
/* End PBXVariantGroup section */

/* Begin XCBuildConfiguration section */
		0222E86E1E97CAE500E25023 /* Debug */ = {
			isa = XCBuildConfiguration;
			buildSettings = {
				ALWAYS_SEARCH_USER_PATHS = NO;
				CLANG_ANALYZER_NONNULL = YES;
				CLANG_ANALYZER_NUMBER_OBJECT_CONVERSION = YES_AGGRESSIVE;
				CLANG_CXX_LANGUAGE_STANDARD = "gnu++0x";
				CLANG_CXX_LIBRARY = "libc++";
				CLANG_ENABLE_MODULES = YES;
				CLANG_ENABLE_OBJC_ARC = YES;
				CLANG_WARN_BOOL_CONVERSION = YES;
				CLANG_WARN_CONSTANT_CONVERSION = YES;
				CLANG_WARN_DIRECT_OBJC_ISA_USAGE = YES_ERROR;
				CLANG_WARN_DOCUMENTATION_COMMENTS = YES;
				CLANG_WARN_EMPTY_BODY = YES;
				CLANG_WARN_ENUM_CONVERSION = YES;
				CLANG_WARN_INFINITE_RECURSION = YES;
				CLANG_WARN_INT_CONVERSION = YES;
				CLANG_WARN_OBJC_ROOT_CLASS = YES_ERROR;
				CLANG_WARN_SUSPICIOUS_MOVE = YES;
				CLANG_WARN_UNREACHABLE_CODE = YES;
				CLANG_WARN__DUPLICATE_METHOD_MATCH = YES;
				"CODE_SIGN_IDENTITY[sdk=iphoneos*]" = "iPhone Developer";
				COPY_PHASE_STRIP = NO;
				DEBUG_INFORMATION_FORMAT = dwarf;
				ENABLE_STRICT_OBJC_MSGSEND = YES;
				ENABLE_TESTABILITY = YES;
				GCC_C_LANGUAGE_STANDARD = gnu99;
				GCC_DYNAMIC_NO_PIC = NO;
				GCC_NO_COMMON_BLOCKS = YES;
				GCC_OPTIMIZATION_LEVEL = 0;
				GCC_PREPROCESSOR_DEFINITIONS = (
					"DEBUG=1",
					"$(inherited)",
				);
				GCC_WARN_64_TO_32_BIT_CONVERSION = YES;
				GCC_WARN_ABOUT_RETURN_TYPE = YES_ERROR;
				GCC_WARN_UNDECLARED_SELECTOR = YES;
				GCC_WARN_UNINITIALIZED_AUTOS = YES_AGGRESSIVE;
				GCC_WARN_UNUSED_FUNCTION = YES;
				GCC_WARN_UNUSED_VARIABLE = YES;
				IPHONEOS_DEPLOYMENT_TARGET = 10.3;
				MTL_ENABLE_DEBUG_INFO = YES;
				ONLY_ACTIVE_ARCH = YES;
				SDKROOT = iphoneos;
				SWIFT_ACTIVE_COMPILATION_CONDITIONS = DEBUG;
				SWIFT_OPTIMIZATION_LEVEL = "-Onone";
				TARGETED_DEVICE_FAMILY = "1,2";
			};
			name = Debug;
		};
		0222E86F1E97CAE500E25023 /* Release */ = {
			isa = XCBuildConfiguration;
			buildSettings = {
				ALWAYS_SEARCH_USER_PATHS = NO;
				CLANG_ANALYZER_NONNULL = YES;
				CLANG_ANALYZER_NUMBER_OBJECT_CONVERSION = YES_AGGRESSIVE;
				CLANG_CXX_LANGUAGE_STANDARD = "gnu++0x";
				CLANG_CXX_LIBRARY = "libc++";
				CLANG_ENABLE_MODULES = YES;
				CLANG_ENABLE_OBJC_ARC = YES;
				CLANG_WARN_BOOL_CONVERSION = YES;
				CLANG_WARN_CONSTANT_CONVERSION = YES;
				CLANG_WARN_DIRECT_OBJC_ISA_USAGE = YES_ERROR;
				CLANG_WARN_DOCUMENTATION_COMMENTS = YES;
				CLANG_WARN_EMPTY_BODY = YES;
				CLANG_WARN_ENUM_CONVERSION = YES;
				CLANG_WARN_INFINITE_RECURSION = YES;
				CLANG_WARN_INT_CONVERSION = YES;
				CLANG_WARN_OBJC_ROOT_CLASS = YES_ERROR;
				CLANG_WARN_SUSPICIOUS_MOVE = YES;
				CLANG_WARN_UNREACHABLE_CODE = YES;
				CLANG_WARN__DUPLICATE_METHOD_MATCH = YES;
				"CODE_SIGN_IDENTITY[sdk=iphoneos*]" = "iPhone Developer";
				COPY_PHASE_STRIP = NO;
				DEBUG_INFORMATION_FORMAT = "dwarf-with-dsym";
				ENABLE_NS_ASSERTIONS = NO;
				ENABLE_STRICT_OBJC_MSGSEND = YES;
				GCC_C_LANGUAGE_STANDARD = gnu99;
				GCC_NO_COMMON_BLOCKS = YES;
				GCC_WARN_64_TO_32_BIT_CONVERSION = YES;
				GCC_WARN_ABOUT_RETURN_TYPE = YES_ERROR;
				GCC_WARN_UNDECLARED_SELECTOR = YES;
				GCC_WARN_UNINITIALIZED_AUTOS = YES_AGGRESSIVE;
				GCC_WARN_UNUSED_FUNCTION = YES;
				GCC_WARN_UNUSED_VARIABLE = YES;
				IPHONEOS_DEPLOYMENT_TARGET = 10.3;
				MTL_ENABLE_DEBUG_INFO = NO;
				SDKROOT = iphoneos;
				SWIFT_OPTIMIZATION_LEVEL = "-Owholemodule";
				TARGETED_DEVICE_FAMILY = "1,2";
				VALIDATE_PRODUCT = YES;
			};
			name = Release;
		};
		0222E8711E97CAE500E25023 /* Debug */ = {
			isa = XCBuildConfiguration;
			buildSettings = {
				ASSETCATALOG_COMPILER_APPICON_NAME = AppIcon;
				INFOPLIST_FILE = "Mail-Direct/Info.plist";
				LD_RUNPATH_SEARCH_PATHS = "$(inherited) @executable_path/Frameworks";
				PRODUCT_BUNDLE_IDENTIFIER = "com.AmethystWorks.Mail-Direct";
				PRODUCT_NAME = "$(TARGET_NAME)";
				SWIFT_VERSION = 3.0;
				TARGETED_DEVICE_FAMILY = 1;
			};
			name = Debug;
		};
		0222E8721E97CAE500E25023 /* Release */ = {
			isa = XCBuildConfiguration;
			buildSettings = {
				ASSETCATALOG_COMPILER_APPICON_NAME = AppIcon;
				INFOPLIST_FILE = "Mail-Direct/Info.plist";
				LD_RUNPATH_SEARCH_PATHS = "$(inherited) @executable_path/Frameworks";
				PRODUCT_BUNDLE_IDENTIFIER = "com.AmethystWorks.Mail-Direct";
				PRODUCT_NAME = "$(TARGET_NAME)";
				SWIFT_VERSION = 3.0;
				TARGETED_DEVICE_FAMILY = 1;
			};
			name = Release;
		};
		0222E8741E97CAE500E25023 /* Debug */ = {
			isa = XCBuildConfiguration;
			buildSettings = {
				ALWAYS_EMBED_SWIFT_STANDARD_LIBRARIES = YES;
				BUNDLE_LOADER = "$(TEST_HOST)";
				INFOPLIST_FILE = "Mail-DirectTests/Info.plist";
				LD_RUNPATH_SEARCH_PATHS = "$(inherited) @executable_path/Frameworks @loader_path/Frameworks";
				PRODUCT_BUNDLE_IDENTIFIER = "com.AmethystWorks.Mail-DirectTests";
				PRODUCT_NAME = "$(TARGET_NAME)";
				SWIFT_VERSION = 3.0;
				TEST_HOST = "$(BUILT_PRODUCTS_DIR)/Mail-Direct.app/Mail-Direct";
			};
			name = Debug;
		};
		0222E8751E97CAE500E25023 /* Release */ = {
			isa = XCBuildConfiguration;
			buildSettings = {
				ALWAYS_EMBED_SWIFT_STANDARD_LIBRARIES = YES;
				BUNDLE_LOADER = "$(TEST_HOST)";
				INFOPLIST_FILE = "Mail-DirectTests/Info.plist";
				LD_RUNPATH_SEARCH_PATHS = "$(inherited) @executable_path/Frameworks @loader_path/Frameworks";
				PRODUCT_BUNDLE_IDENTIFIER = "com.AmethystWorks.Mail-DirectTests";
				PRODUCT_NAME = "$(TARGET_NAME)";
				SWIFT_VERSION = 3.0;
				TEST_HOST = "$(BUILT_PRODUCTS_DIR)/Mail-Direct.app/Mail-Direct";
			};
			name = Release;
		};
		0222E8771E97CAE500E25023 /* Debug */ = {
			isa = XCBuildConfiguration;
			buildSettings = {
				ALWAYS_EMBED_SWIFT_STANDARD_LIBRARIES = YES;
				INFOPLIST_FILE = "Mail-DirectUITests/Info.plist";
				LD_RUNPATH_SEARCH_PATHS = "$(inherited) @executable_path/Frameworks @loader_path/Frameworks";
				PRODUCT_BUNDLE_IDENTIFIER = "com.AmethystWorks.Mail-DirectUITests";
				PRODUCT_NAME = "$(TARGET_NAME)";
				SWIFT_VERSION = 3.0;
				TEST_TARGET_NAME = "Mail-Direct";
			};
			name = Debug;
		};
		0222E8781E97CAE500E25023 /* Release */ = {
			isa = XCBuildConfiguration;
			buildSettings = {
				ALWAYS_EMBED_SWIFT_STANDARD_LIBRARIES = YES;
				INFOPLIST_FILE = "Mail-DirectUITests/Info.plist";
				LD_RUNPATH_SEARCH_PATHS = "$(inherited) @executable_path/Frameworks @loader_path/Frameworks";
				PRODUCT_BUNDLE_IDENTIFIER = "com.AmethystWorks.Mail-DirectUITests";
				PRODUCT_NAME = "$(TARGET_NAME)";
				SWIFT_VERSION = 3.0;
				TEST_TARGET_NAME = "Mail-Direct";
			};
			name = Release;
		};
/* End XCBuildConfiguration section */

/* Begin XCConfigurationList section */
		0222E8431E97CAE400E25023 /* Build configuration list for PBXProject "Mail-Direct" */ = {
			isa = XCConfigurationList;
			buildConfigurations = (
				0222E86E1E97CAE500E25023 /* Debug */,
				0222E86F1E97CAE500E25023 /* Release */,
			);
			defaultConfigurationIsVisible = 0;
			defaultConfigurationName = Release;
		};
		0222E8701E97CAE500E25023 /* Build configuration list for PBXNativeTarget "Mail-Direct" */ = {
			isa = XCConfigurationList;
			buildConfigurations = (
				0222E8711E97CAE500E25023 /* Debug */,
				0222E8721E97CAE500E25023 /* Release */,
			);
			defaultConfigurationIsVisible = 0;
			defaultConfigurationName = Release;
		};
		0222E8731E97CAE500E25023 /* Build configuration list for PBXNativeTarget "Mail-DirectTests" */ = {
			isa = XCConfigurationList;
			buildConfigurations = (
				0222E8741E97CAE500E25023 /* Debug */,
				0222E8751E97CAE500E25023 /* Release */,
			);
			defaultConfigurationIsVisible = 0;
			defaultConfigurationName = Release;
		};
		0222E8761E97CAE500E25023 /* Build configuration list for PBXNativeTarget "Mail-DirectUITests" */ = {
			isa = XCConfigurationList;
			buildConfigurations = (
				0222E8771E97CAE500E25023 /* Debug */,
				0222E8781E97CAE500E25023 /* Release */,
			);
			defaultConfigurationIsVisible = 0;
			defaultConfigurationName = Release;
		};
/* End XCConfigurationList section */
	};
	rootObject = 0222E8401E97CAE400E25023 /* Project object */;
}
